
Microsoft Visual Studio Solution File, Format Version 12.00
# Visual Studio Version 17
VisualStudioVersion = 17.8.34316.72
MinimumVisualStudioVersion = 10.0.40219.1
Project("{9A19103F-16F7-4668-BE54-9A1E7A4F7556}") = "ProjetoQSW", "ProjetoQSW.csproj", "{8139D526-57DA-4E52-95D5-8AD9233FB62D}"
EndProject
Project("{FAE04EC0-301F-11D3-BF4B-00C04F79EFBC}") = "ProjetoQSWTeste", "..\ProjetoQSWTeste\ProjetoQSWTeste.csproj", "{EF243352-4787-4A6D-88A5-25B7EB80B9E2}"
EndProject
Global
	GlobalSection(SolutionConfigurationPlatforms) = preSolution
		Debug|Any CPU = Debug|Any CPU
		Release|Any CPU = Release|Any CPU
	EndGlobalSection
	GlobalSection(ProjectConfigurationPlatforms) = postSolution
		{8139D526-57DA-4E52-95D5-8AD9233FB62D}.Debug|Any CPU.ActiveCfg = Debug|Any CPU
		{8139D526-57DA-4E52-95D5-8AD9233FB62D}.Debug|Any CPU.Build.0 = Debug|Any CPU
		{8139D526-57DA-4E52-95D5-8AD9233FB62D}.Release|Any CPU.ActiveCfg = Release|Any CPU
		{8139D526-57DA-4E52-95D5-8AD9233FB62D}.Release|Any CPU.Build.0 = Release|Any CPU
		{EF243352-4787-4A6D-88A5-25B7EB80B9E2}.Debug|Any CPU.ActiveCfg = Debug|Any CPU
		{EF243352-4787-4A6D-88A5-25B7EB80B9E2}.Debug|Any CPU.Build.0 = Debug|Any CPU
		{EF243352-4787-4A6D-88A5-25B7EB80B9E2}.Release|Any CPU.ActiveCfg = Release|Any CPU
		{EF243352-4787-4A6D-88A5-25B7EB80B9E2}.Release|Any CPU.Build.0 = Release|Any CPU
	EndGlobalSection
	GlobalSection(SolutionProperties) = preSolution
		HideSolutionNode = FALSE
	EndGlobalSection
	GlobalSection(ExtensibilityGlobals) = postSolution
		SolutionGuid = {6664C106-3107-4FAA-8648-783ECEF679D0}
	EndGlobalSection
EndGlobal
